
Microsoft Visual Studio Solution File, Format Version 12.00
# Visual Studio 14
VisualStudioVersion = 14.0.24720.0
MinimumVisualStudioVersion = 10.0.40219.1
Project("{FAE04EC0-301F-11D3-BF4B-00C04F79EFBC}") = "Buying Form", "Buying Form\Buying Form.csproj", "{FD856514-3A29-4C78-AED8-D879015DD477}"
EndProject
Project("{FAE04EC0-301F-11D3-BF4B-00C04F79EFBC}") = "StoreLibrary", "StoreLibrary\StoreLibrary.csproj", "{06088878-69AF-4EA6-A8E5-398FB8BD10CC}"
EndProject
Global
	GlobalSection(SolutionConfigurationPlatforms) = preSolution
		Debug|Any CPU = Debug|Any CPU
		Release|Any CPU = Release|Any CPU
	EndGlobalSection
	GlobalSection(ProjectConfigurationPlatforms) = postSolution
		{FD856514-3A29-4C78-AED8-D879015DD477}.Debug|Any CPU.ActiveCfg = Debug|Any CPU
		{FD856514-3A29-4C78-AED8-D879015DD477}.Debug|Any CPU.Build.0 = Debug|Any CPU
		{FD856514-3A29-4C78-AED8-D879015DD477}.Release|Any CPU.ActiveCfg = Release|Any CPU
		{FD856514-3A29-4C78-AED8-D879015DD477}.Release|Any CPU.Build.0 = Release|Any CPU
		{06088878-69AF-4EA6-A8E5-398FB8BD10CC}.Debug|Any CPU.ActiveCfg = Debug|Any CPU
		{06088878-69AF-4EA6-A8E5-398FB8BD10CC}.Debug|Any CPU.Build.0 = Debug|Any CPU
		{06088878-69AF-4EA6-A8E5-398FB8BD10CC}.Release|Any CPU.ActiveCfg = Release|Any CPU
		{06088878-69AF-4EA6-A8E5-398FB8BD10CC}.Release|Any CPU.Build.0 = Release|Any CPU
	EndGlobalSection
	GlobalSection(SolutionProperties) = preSolution
		HideSolutionNode = FALSE
	EndGlobalSection
EndGlobal
